
Microsoft Visual Studio Solution File, Format Version 12.00
# Visual Studio 2012
Project("{FAE04EC0-301F-11D3-BF4B-00C04F79EFBC}") = "sharpchievements", "Achievements\sharpchievements.csproj", "{A7476C97-D350-475D-AC02-991CAFB9F221}"
EndProject
Project("{FAE04EC0-301F-11D3-BF4B-00C04F79EFBC}") = "sharpchievements.Tests", "AchievementTest\sharpchievements.Tests.csproj", "{661CF93C-654C-49B3-95A7-3AAF8FFB3E2A}"
EndProject
Project("{FAE04EC0-301F-11D3-BF4B-00C04F79EFBC}") = "AchievementNotificationTest", "AchievementNotificationTest\AchievementNotificationTest.csproj", "{2825B693-8B13-4BE5-BECF-CDED6B27E5CE}"
EndProject
Project("{FAE04EC0-301F-11D3-BF4B-00C04F79EFBC}") = "AchievementOverviewTest", "AchievementOverviewTest\AchievementOverviewTest.csproj", "{D025C8DB-4E98-4AAA-B0FD-70A5CBF3C127}"
EndProject
Global
	GlobalSection(SolutionConfigurationPlatforms) = preSolution
		Debug|Any CPU = Debug|Any CPU
		Release|Any CPU = Release|Any CPU
	EndGlobalSection
	GlobalSection(ProjectConfigurationPlatforms) = postSolution
		{A7476C97-D350-475D-AC02-991CAFB9F221}.Debug|Any CPU.ActiveCfg = Debug|Any CPU
		{A7476C97-D350-475D-AC02-991CAFB9F221}.Debug|Any CPU.Build.0 = Debug|Any CPU
		{A7476C97-D350-475D-AC02-991CAFB9F221}.Release|Any CPU.ActiveCfg = Release|Any CPU
		{A7476C97-D350-475D-AC02-991CAFB9F221}.Release|Any CPU.Build.0 = Release|Any CPU
		{661CF93C-654C-49B3-95A7-3AAF8FFB3E2A}.Debug|Any CPU.ActiveCfg = Debug|Any CPU
		{661CF93C-654C-49B3-95A7-3AAF8FFB3E2A}.Debug|Any CPU.Build.0 = Debug|Any CPU
		{661CF93C-654C-49B3-95A7-3AAF8FFB3E2A}.Release|Any CPU.ActiveCfg = Release|Any CPU
		{661CF93C-654C-49B3-95A7-3AAF8FFB3E2A}.Release|Any CPU.Build.0 = Release|Any CPU
		{2825B693-8B13-4BE5-BECF-CDED6B27E5CE}.Debug|Any CPU.ActiveCfg = Debug|Any CPU
		{2825B693-8B13-4BE5-BECF-CDED6B27E5CE}.Debug|Any CPU.Build.0 = Debug|Any CPU
		{2825B693-8B13-4BE5-BECF-CDED6B27E5CE}.Release|Any CPU.ActiveCfg = Release|Any CPU
		{2825B693-8B13-4BE5-BECF-CDED6B27E5CE}.Release|Any CPU.Build.0 = Release|Any CPU
		{D025C8DB-4E98-4AAA-B0FD-70A5CBF3C127}.Debug|Any CPU.ActiveCfg = Debug|Any CPU
		{D025C8DB-4E98-4AAA-B0FD-70A5CBF3C127}.Debug|Any CPU.Build.0 = Debug|Any CPU
		{D025C8DB-4E98-4AAA-B0FD-70A5CBF3C127}.Release|Any CPU.ActiveCfg = Release|Any CPU
		{D025C8DB-4E98-4AAA-B0FD-70A5CBF3C127}.Release|Any CPU.Build.0 = Release|Any CPU
	EndGlobalSection
	GlobalSection(SolutionProperties) = preSolution
		HideSolutionNode = FALSE
	EndGlobalSection
EndGlobal
